
Microsoft Visual Studio Solution File, Format Version 12.00
# Visual Studio Version 17
VisualStudioVersion = 17.5.33424.131
MinimumVisualStudioVersion = 10.0.40219.1
Project("{9A19103F-16F7-4668-BE54-9A1E7A4F7556}") = "Day3", "Day3.csproj", "{60378536-1B8A-4522-B43B-34263DB94F16}"
EndProject
Project("{FAE04EC0-301F-11D3-BF4B-00C04F79EFBC}") = "Day4", "..\Day4\Day4.csproj", "{7C77AB80-434D-490D-B8C7-E515C5AA028F}"
EndProject
Project("{9A19103F-16F7-4668-BE54-9A1E7A4F7556}") = "Day2", "..\Day2Class\Day2.csproj", "{82D2EC9F-F7C6-4EA0-9C90-BF9B21B2148E}"
EndProject
Project("{9A19103F-16F7-4668-BE54-9A1E7A4F7556}") = "Day1", "..\Day1Class\Day1.csproj", "{4D620F83-7FB8-4029-A88C-CFB97A9772E7}"
EndProject
Global
	GlobalSection(SolutionConfigurationPlatforms) = preSolution
		Debug|Any CPU = Debug|Any CPU
		Release|Any CPU = Release|Any CPU
	EndGlobalSection
	GlobalSection(ProjectConfigurationPlatforms) = postSolution
		{60378536-1B8A-4522-B43B-34263DB94F16}.Debug|Any CPU.ActiveCfg = Debug|Any CPU
		{60378536-1B8A-4522-B43B-34263DB94F16}.Debug|Any CPU.Build.0 = Debug|Any CPU
		{60378536-1B8A-4522-B43B-34263DB94F16}.Release|Any CPU.ActiveCfg = Release|Any CPU
		{60378536-1B8A-4522-B43B-34263DB94F16}.Release|Any CPU.Build.0 = Release|Any CPU
		{7C77AB80-434D-490D-B8C7-E515C5AA028F}.Debug|Any CPU.ActiveCfg = Debug|Any CPU
		{7C77AB80-434D-490D-B8C7-E515C5AA028F}.Debug|Any CPU.Build.0 = Debug|Any CPU
		{7C77AB80-434D-490D-B8C7-E515C5AA028F}.Release|Any CPU.ActiveCfg = Release|Any CPU
		{7C77AB80-434D-490D-B8C7-E515C5AA028F}.Release|Any CPU.Build.0 = Release|Any CPU
		{82D2EC9F-F7C6-4EA0-9C90-BF9B21B2148E}.Debug|Any CPU.ActiveCfg = Debug|Any CPU
		{82D2EC9F-F7C6-4EA0-9C90-BF9B21B2148E}.Debug|Any CPU.Build.0 = Debug|Any CPU
		{82D2EC9F-F7C6-4EA0-9C90-BF9B21B2148E}.Release|Any CPU.ActiveCfg = Release|Any CPU
		{82D2EC9F-F7C6-4EA0-9C90-BF9B21B2148E}.Release|Any CPU.Build.0 = Release|Any CPU
		{4D620F83-7FB8-4029-A88C-CFB97A9772E7}.Debug|Any CPU.ActiveCfg = Debug|Any CPU
		{4D620F83-7FB8-4029-A88C-CFB97A9772E7}.Debug|Any CPU.Build.0 = Debug|Any CPU
		{4D620F83-7FB8-4029-A88C-CFB97A9772E7}.Release|Any CPU.ActiveCfg = Release|Any CPU
		{4D620F83-7FB8-4029-A88C-CFB97A9772E7}.Release|Any CPU.Build.0 = Release|Any CPU
	EndGlobalSection
	GlobalSection(SolutionProperties) = preSolution
		HideSolutionNode = FALSE
	EndGlobalSection
	GlobalSection(ExtensibilityGlobals) = postSolution
		SolutionGuid = {E93B30E2-C2BC-4748-A66A-B83DC71E1013}
	EndGlobalSection
EndGlobal
